
Microsoft Visual Studio Solution File, Format Version 12.00
# Visual Studio Version 17
VisualStudioVersion = 17.7.34031.279
MinimumVisualStudioVersion = 10.0.40219.1
Project("{FAE04EC0-301F-11D3-BF4B-00C04F79EFBC}") = "Week9Lists", "Week9Lists\Week9Lists.csproj", "{62D5AF34-7F7A-4D9C-98F9-1114FF2CFD12}"
EndProject
Global
	GlobalSection(SolutionConfigurationPlatforms) = preSolution
		Debug|Any CPU = Debug|Any CPU
		Release|Any CPU = Release|Any CPU
	EndGlobalSection
	GlobalSection(ProjectConfigurationPlatforms) = postSolution
		{62D5AF34-7F7A-4D9C-98F9-1114FF2CFD12}.Debug|Any CPU.ActiveCfg = Debug|Any CPU
		{62D5AF34-7F7A-4D9C-98F9-1114FF2CFD12}.Debug|Any CPU.Build.0 = Debug|Any CPU
		{62D5AF34-7F7A-4D9C-98F9-1114FF2CFD12}.Release|Any CPU.ActiveCfg = Release|Any CPU
		{62D5AF34-7F7A-4D9C-98F9-1114FF2CFD12}.Release|Any CPU.Build.0 = Release|Any CPU
	EndGlobalSection
	GlobalSection(SolutionProperties) = preSolution
		HideSolutionNode = FALSE
	EndGlobalSection
	GlobalSection(ExtensibilityGlobals) = postSolution
		SolutionGuid = {CD594010-C7E4-4654-9801-68FFDB62D6F6}
	EndGlobalSection
EndGlobal
